{
  "pins" : [
    {
      "identity" : "swiftui-tooltip",
      "kind" : "remoteSourceControl",
      "location" : "https://github.com/quassummanus/SwiftUI-Tooltip.git",
      "state" : {
        "revision" : "9f617c20169fb260b887ac4a21497238a1bb1032",
        "version" : "1.2.0"
      }
    }
  ],
  "version" : 2
}
